
Microsoft Visual Studio Solution File, Format Version 12.00
# Visual Studio Version 16
VisualStudioVersion = 16.0.28803.452
MinimumVisualStudioVersion = 10.0.40219.1
Project("{FAE04EC0-301F-11D3-BF4B-00C04F79EFBC}") = "ToDoApp.WPF", "ToDoApp.WPF\ToDoApp.WPF.csproj", "{DBEAB5AD-89CA-45D4-8401-B6D38FBFA0B5}"
EndProject
Project("{FAE04EC0-301F-11D3-BF4B-00C04F79EFBC}") = "ToDoApp.Service", "ToDoApp.Service\ToDoApp.Service.csproj", "{D32586A5-7010-449C-B6DD-843451FFDCDB}"
EndProject
Project("{FAE04EC0-301F-11D3-BF4B-00C04F79EFBC}") = "ToDoApp.Entity", "ToDoApp.Entity\ToDoApp.Entity.csproj", "{5601F805-3ACC-42B4-8D87-09022C1EA4EB}"
EndProject
Project("{FAE04EC0-301F-11D3-BF4B-00C04F79EFBC}") = "ToDoApp.ORM", "ToDoApp.ORM\ToDoApp.ORM.csproj", "{FA798076-16AF-476D-AE9C-33C5BBA90C10}"
EndProject
Project("{FAE04EC0-301F-11D3-BF4B-00C04F79EFBC}") = "ToDoApp.Test", "ToDoApp.Test\ToDoApp.Test.csproj", "{1C2EF35F-4693-476E-B516-54553DB28322}"
EndProject
Global
	GlobalSection(SolutionConfigurationPlatforms) = preSolution
		Debug|Any CPU = Debug|Any CPU
		Debug|ARM = Debug|ARM
		Debug|ARM64 = Debug|ARM64
		Debug|x64 = Debug|x64
		Debug|x86 = Debug|x86
		Release|Any CPU = Release|Any CPU
		Release|ARM = Release|ARM
		Release|ARM64 = Release|ARM64
		Release|x64 = Release|x64
		Release|x86 = Release|x86
	EndGlobalSection
	GlobalSection(ProjectConfigurationPlatforms) = postSolution
		{DBEAB5AD-89CA-45D4-8401-B6D38FBFA0B5}.Debug|Any CPU.ActiveCfg = Debug|Any CPU
		{DBEAB5AD-89CA-45D4-8401-B6D38FBFA0B5}.Debug|Any CPU.Build.0 = Debug|Any CPU
		{DBEAB5AD-89CA-45D4-8401-B6D38FBFA0B5}.Debug|ARM.ActiveCfg = Debug|Any CPU
		{DBEAB5AD-89CA-45D4-8401-B6D38FBFA0B5}.Debug|ARM.Build.0 = Debug|Any CPU
		{DBEAB5AD-89CA-45D4-8401-B6D38FBFA0B5}.Debug|ARM64.ActiveCfg = Debug|Any CPU
		{DBEAB5AD-89CA-45D4-8401-B6D38FBFA0B5}.Debug|ARM64.Build.0 = Debug|Any CPU
		{DBEAB5AD-89CA-45D4-8401-B6D38FBFA0B5}.Debug|x64.ActiveCfg = Debug|Any CPU
		{DBEAB5AD-89CA-45D4-8401-B6D38FBFA0B5}.Debug|x64.Build.0 = Debug|Any CPU
		{DBEAB5AD-89CA-45D4-8401-B6D38FBFA0B5}.Debug|x86.ActiveCfg = Debug|Any CPU
		{DBEAB5AD-89CA-45D4-8401-B6D38FBFA0B5}.Debug|x86.Build.0 = Debug|Any CPU
		{DBEAB5AD-89CA-45D4-8401-B6D38FBFA0B5}.Release|Any CPU.ActiveCfg = Release|Any CPU
		{DBEAB5AD-89CA-45D4-8401-B6D38FBFA0B5}.Release|Any CPU.Build.0 = Release|Any CPU
		{DBEAB5AD-89CA-45D4-8401-B6D38FBFA0B5}.Release|ARM.ActiveCfg = Release|Any CPU
		{DBEAB5AD-89CA-45D4-8401-B6D38FBFA0B5}.Release|ARM.Build.0 = Release|Any CPU
		{DBEAB5AD-89CA-45D4-8401-B6D38FBFA0B5}.Release|ARM64.ActiveCfg = Release|Any CPU
		{DBEAB5AD-89CA-45D4-8401-B6D38FBFA0B5}.Release|ARM64.Build.0 = Release|Any CPU
		{DBEAB5AD-89CA-45D4-8401-B6D38FBFA0B5}.Release|x64.ActiveCfg = Release|Any CPU
		{DBEAB5AD-89CA-45D4-8401-B6D38FBFA0B5}.Release|x64.Build.0 = Release|Any CPU
		{DBEAB5AD-89CA-45D4-8401-B6D38FBFA0B5}.Release|x86.ActiveCfg = Release|Any CPU
		{DBEAB5AD-89CA-45D4-8401-B6D38FBFA0B5}.Release|x86.Build.0 = Release|Any CPU
		{D32586A5-7010-449C-B6DD-843451FFDCDB}.Debug|Any CPU.ActiveCfg = Debug|Any CPU
		{D32586A5-7010-449C-B6DD-843451FFDCDB}.Debug|Any CPU.Build.0 = Debug|Any CPU
		{D32586A5-7010-449C-B6DD-843451FFDCDB}.Debug|ARM.ActiveCfg = Debug|Any CPU
		{D32586A5-7010-449C-B6DD-843451FFDCDB}.Debug|ARM.Build.0 = Debug|Any CPU
		{D32586A5-7010-449C-B6DD-843451FFDCDB}.Debug|ARM64.ActiveCfg = Debug|Any CPU
		{D32586A5-7010-449C-B6DD-843451FFDCDB}.Debug|ARM64.Build.0 = Debug|Any CPU
		{D32586A5-7010-449C-B6DD-843451FFDCDB}.Debug|x64.ActiveCfg = Debug|Any CPU
		{D32586A5-7010-449C-B6DD-843451FFDCDB}.Debug|x64.Build.0 = Debug|Any CPU
		{D32586A5-7010-449C-B6DD-843451FFDCDB}.Debug|x86.ActiveCfg = Debug|Any CPU
		{D32586A5-7010-449C-B6DD-843451FFDCDB}.Debug|x86.Build.0 = Debug|Any CPU
		{D32586A5-7010-449C-B6DD-843451FFDCDB}.Release|Any CPU.ActiveCfg = Release|Any CPU
		{D32586A5-7010-449C-B6DD-843451FFDCDB}.Release|Any CPU.Build.0 = Release|Any CPU
		{D32586A5-7010-449C-B6DD-843451FFDCDB}.Release|ARM.ActiveCfg = Release|Any CPU
		{D32586A5-7010-449C-B6DD-843451FFDCDB}.Release|ARM.Build.0 = Release|Any CPU
		{D32586A5-7010-449C-B6DD-843451FFDCDB}.Release|ARM64.ActiveCfg = Release|Any CPU
		{D32586A5-7010-449C-B6DD-843451FFDCDB}.Release|ARM64.Build.0 = Release|Any CPU
		{D32586A5-7010-449C-B6DD-843451FFDCDB}.Release|x64.ActiveCfg = Release|Any CPU
		{D32586A5-7010-449C-B6DD-843451FFDCDB}.Release|x64.Build.0 = Release|Any CPU
		{D32586A5-7010-449C-B6DD-843451FFDCDB}.Release|x86.ActiveCfg = Release|Any CPU
		{D32586A5-7010-449C-B6DD-843451FFDCDB}.Release|x86.Build.0 = Release|Any CPU
		{5601F805-3ACC-42B4-8D87-09022C1EA4EB}.Debug|Any CPU.ActiveCfg = Debug|Any CPU
		{5601F805-3ACC-42B4-8D87-09022C1EA4EB}.Debug|Any CPU.Build.0 = Debug|Any CPU
		{5601F805-3ACC-42B4-8D87-09022C1EA4EB}.Debug|ARM.ActiveCfg = Debug|Any CPU
		{5601F805-3ACC-42B4-8D87-09022C1EA4EB}.Debug|ARM.Build.0 = Debug|Any CPU
		{5601F805-3ACC-42B4-8D87-09022C1EA4EB}.Debug|ARM64.ActiveCfg = Debug|Any CPU
		{5601F805-3ACC-42B4-8D87-09022C1EA4EB}.Debug|ARM64.Build.0 = Debug|Any CPU
		{5601F805-3ACC-42B4-8D87-09022C1EA4EB}.Debug|x64.ActiveCfg = Debug|Any CPU
		{5601F805-3ACC-42B4-8D87-09022C1EA4EB}.Debug|x64.Build.0 = Debug|Any CPU
		{5601F805-3ACC-42B4-8D87-09022C1EA4EB}.Debug|x86.ActiveCfg = Debug|Any CPU
		{5601F805-3ACC-42B4-8D87-09022C1EA4EB}.Debug|x86.Build.0 = Debug|Any CPU
		{5601F805-3ACC-42B4-8D87-09022C1EA4EB}.Release|Any CPU.ActiveCfg = Release|Any CPU
		{5601F805-3ACC-42B4-8D87-09022C1EA4EB}.Release|Any CPU.Build.0 = Release|Any CPU
		{5601F805-3ACC-42B4-8D87-09022C1EA4EB}.Release|ARM.ActiveCfg = Release|Any CPU
		{5601F805-3ACC-42B4-8D87-09022C1EA4EB}.Release|ARM.Build.0 = Release|Any CPU
		{5601F805-3ACC-42B4-8D87-09022C1EA4EB}.Release|ARM64.ActiveCfg = Release|Any CPU
		{5601F805-3ACC-42B4-8D87-09022C1EA4EB}.Release|ARM64.Build.0 = Release|Any CPU
		{5601F805-3ACC-42B4-8D87-09022C1EA4EB}.Release|x64.ActiveCfg = Release|Any CPU
		{5601F805-3ACC-42B4-8D87-09022C1EA4EB}.Release|x64.Build.0 = Release|Any CPU
		{5601F805-3ACC-42B4-8D87-09022C1EA4EB}.Release|x86.ActiveCfg = Release|Any CPU
		{5601F805-3ACC-42B4-8D87-09022C1EA4EB}.Release|x86.Build.0 = Release|Any CPU
		{FA798076-16AF-476D-AE9C-33C5BBA90C10}.Debug|Any CPU.ActiveCfg = Debug|Any CPU
		{FA798076-16AF-476D-AE9C-33C5BBA90C10}.Debug|Any CPU.Build.0 = Debug|Any CPU
		{FA798076-16AF-476D-AE9C-33C5BBA90C10}.Debug|ARM.ActiveCfg = Debug|Any CPU
		{FA798076-16AF-476D-AE9C-33C5BBA90C10}.Debug|ARM.Build.0 = Debug|Any CPU
		{FA798076-16AF-476D-AE9C-33C5BBA90C10}.Debug|ARM64.ActiveCfg = Debug|Any CPU
		{FA798076-16AF-476D-AE9C-33C5BBA90C10}.Debug|ARM64.Build.0 = Debug|Any CPU
		{FA798076-16AF-476D-AE9C-33C5BBA90C10}.Debug|x64.ActiveCfg = Debug|Any CPU
		{FA798076-16AF-476D-AE9C-33C5BBA90C10}.Debug|x64.Build.0 = Debug|Any CPU
		{FA798076-16AF-476D-AE9C-33C5BBA90C10}.Debug|x86.ActiveCfg = Debug|Any CPU
		{FA798076-16AF-476D-AE9C-33C5BBA90C10}.Debug|x86.Build.0 = Debug|Any CPU
		{FA798076-16AF-476D-AE9C-33C5BBA90C10}.Release|Any CPU.ActiveCfg = Release|Any CPU
		{FA798076-16AF-476D-AE9C-33C5BBA90C10}.Release|Any CPU.Build.0 = Release|Any CPU
		{FA798076-16AF-476D-AE9C-33C5BBA90C10}.Release|ARM.ActiveCfg = Release|Any CPU
		{FA798076-16AF-476D-AE9C-33C5BBA90C10}.Release|ARM.Build.0 = Release|Any CPU
		{FA798076-16AF-476D-AE9C-33C5BBA90C10}.Release|ARM64.ActiveCfg = Release|Any CPU
		{FA798076-16AF-476D-AE9C-33C5BBA90C10}.Release|ARM64.Build.0 = Release|Any CPU
		{FA798076-16AF-476D-AE9C-33C5BBA90C10}.Release|x64.ActiveCfg = Release|Any CPU
		{FA798076-16AF-476D-AE9C-33C5BBA90C10}.Release|x64.Build.0 = Release|Any CPU
		{FA798076-16AF-476D-AE9C-33C5BBA90C10}.Release|x86.ActiveCfg = Release|Any CPU
		{FA798076-16AF-476D-AE9C-33C5BBA90C10}.Release|x86.Build.0 = Release|Any CPU
		{1C2EF35F-4693-476E-B516-54553DB28322}.Debug|Any CPU.ActiveCfg = Debug|Any CPU
		{1C2EF35F-4693-476E-B516-54553DB28322}.Debug|Any CPU.Build.0 = Debug|Any CPU
		{1C2EF35F-4693-476E-B516-54553DB28322}.Debug|ARM.ActiveCfg = Debug|Any CPU
		{1C2EF35F-4693-476E-B516-54553DB28322}.Debug|ARM.Build.0 = Debug|Any CPU
		{1C2EF35F-4693-476E-B516-54553DB28322}.Debug|ARM64.ActiveCfg = Debug|Any CPU
		{1C2EF35F-4693-476E-B516-54553DB28322}.Debug|ARM64.Build.0 = Debug|Any CPU
		{1C2EF35F-4693-476E-B516-54553DB28322}.Debug|x64.ActiveCfg = Debug|Any CPU
		{1C2EF35F-4693-476E-B516-54553DB28322}.Debug|x64.Build.0 = Debug|Any CPU
		{1C2EF35F-4693-476E-B516-54553DB28322}.Debug|x86.ActiveCfg = Debug|Any CPU
		{1C2EF35F-4693-476E-B516-54553DB28322}.Debug|x86.Build.0 = Debug|Any CPU
		{1C2EF35F-4693-476E-B516-54553DB28322}.Release|Any CPU.ActiveCfg = Release|Any CPU
		{1C2EF35F-4693-476E-B516-54553DB28322}.Release|Any CPU.Build.0 = Release|Any CPU
		{1C2EF35F-4693-476E-B516-54553DB28322}.Release|ARM.ActiveCfg = Release|Any CPU
		{1C2EF35F-4693-476E-B516-54553DB28322}.Release|ARM.Build.0 = Release|Any CPU
		{1C2EF35F-4693-476E-B516-54553DB28322}.Release|ARM64.ActiveCfg = Release|Any CPU
		{1C2EF35F-4693-476E-B516-54553DB28322}.Release|ARM64.Build.0 = Release|Any CPU
		{1C2EF35F-4693-476E-B516-54553DB28322}.Release|x64.ActiveCfg = Release|Any CPU
		{1C2EF35F-4693-476E-B516-54553DB28322}.Release|x64.Build.0 = Release|Any CPU
		{1C2EF35F-4693-476E-B516-54553DB28322}.Release|x86.ActiveCfg = Release|Any CPU
		{1C2EF35F-4693-476E-B516-54553DB28322}.Release|x86.Build.0 = Release|Any CPU
	EndGlobalSection
	GlobalSection(SolutionProperties) = preSolution
		HideSolutionNode = FALSE
	EndGlobalSection
	GlobalSection(ExtensibilityGlobals) = postSolution
		SolutionGuid = {1F4CD889-9EBB-44B6-A968-A61374143A32}
	EndGlobalSection
EndGlobal
